// !$*UTF8*$!
{
	archiveVersion = 1;
	classes = {
	};
	objectVersion = 55;
	objects = {

/* Begin PBXBuildFile section */
		AB0283042879DE5300736E4E /* Poppins-SemiBold.ttf in Resources */ = {isa = PBXBuildFile; fileRef = AB0283012879DE5300736E4E /* Poppins-SemiBold.ttf */; };
		AB0283052879DE5300736E4E /* Poppins-Bold.ttf in Resources */ = {isa = PBXBuildFile; fileRef = AB0283022879DE5300736E4E /* Poppins-Bold.ttf */; };
		AB0283062879DE5300736E4E /* Poppins-Regular.ttf in Resources */ = {isa = PBXBuildFile; fileRef = AB0283032879DE5300736E4E /* Poppins-Regular.ttf */; };
		AB1AD7ED2898CB020071166D /* AvocadoDetailView.swift in Sources */ = {isa = PBXBuildFile; fileRef = AB1AD7EC2898CB020071166D /* AvocadoDetailView.swift */; };
		AB1AD7EF2898CBBC0071166D /* OrangeDetailView.swift in Sources */ = {isa = PBXBuildFile; fileRef = AB1AD7EE2898CBBC0071166D /* OrangeDetailView.swift */; };
		AB1C5CB42878A61C00506250 /* FoodyApp.swift in Sources */ = {isa = PBXBuildFile; fileRef = AB1C5CB32878A61C00506250 /* FoodyApp.swift */; };
		AB1C5CB62878A61C00506250 /* ContentView.swift in Sources */ = {isa = PBXBuildFile; fileRef = AB1C5CB52878A61C00506250 /* ContentView.swift */; };
		AB1C5CB82878A61D00506250 /* Assets.xcassets in Resources */ = {isa = PBXBuildFile; fileRef = AB1C5CB72878A61D00506250 /* Assets.xcassets */; };
		AB1C5CBB2878A61D00506250 /* Preview Assets.xcassets in Resources */ = {isa = PBXBuildFile; fileRef = AB1C5CBA2878A61D00506250 /* Preview Assets.xcassets */; };
		AB2975EF2879C8B50073CF45 /* GetStartedView.swift in Sources */ = {isa = PBXBuildFile; fileRef = AB2975EE2879C8B50073CF45 /* GetStartedView.swift */; };
		AB35DB3E287DCC5C0099B1C3 /* HomeView.swift in Sources */ = {isa = PBXBuildFile; fileRef = AB35DB3D287DCC5C0099B1C3 /* HomeView.swift */; };
		AB8F098D287EB2AB00078908 /* Poppins-Medium.ttf in Resources */ = {isa = PBXBuildFile; fileRef = AB8F098C287EB2AB00078908 /* Poppins-Medium.ttf */; };
		ABBA6E3A288002CA00229336 /* OrderView.swift in Sources */ = {isa = PBXBuildFile; fileRef = ABBA6E39288002CA00229336 /* OrderView.swift */; };
		ABDAF6EC287F03BB006252C4 /* GyozaDetailView.swift in Sources */ = {isa = PBXBuildFile; fileRef = ABDAF6EB287F03BB006252C4 /* GyozaDetailView.swift */; };
/* End PBXBuildFile section */

/* Begin PBXFileReference section */
		AB0283012879DE5300736E4E /* Poppins-SemiBold.ttf */ = {isa = PBXFileReference; lastKnownFileType = file; path = "Poppins-SemiBold.ttf"; sourceTree = "<group>"; };
		AB0283022879DE5300736E4E /* Poppins-Bold.ttf */ = {isa = PBXFileReference; lastKnownFileType = file; path = "Poppins-Bold.ttf"; sourceTree = "<group>"; };
		AB0283032879DE5300736E4E /* Poppins-Regular.ttf */ = {isa = PBXFileReference; lastKnownFileType = file; path = "Poppins-Regular.ttf"; sourceTree = "<group>"; };
		AB0283072879DE7700736E4E /* Info.plist */ = {isa = PBXFileReference; lastKnownFileType = text.plist; path = Info.plist; sourceTree = "<group>"; };
		AB1AD7EC2898CB020071166D /* AvocadoDetailView.swift */ = {isa = PBXFileReference; lastKnownFileType = sourcecode.swift; path = AvocadoDetailView.swift; sourceTree = "<group>"; };
		AB1AD7EE2898CBBC0071166D /* OrangeDetailView.swift */ = {isa = PBXFileReference; lastKnownFileType = sourcecode.swift; path = OrangeDetailView.swift; sourceTree = "<group>"; };
		AB1C5CB02878A61C00506250 /* Foody.app */ = {isa = PBXFileReference; explicitFileType = wrapper.application; includeInIndex = 0; path = Foody.app; sourceTree = BUILT_PRODUCTS_DIR; };
		AB1C5CB32878A61C00506250 /* FoodyApp.swift */ = {isa = PBXFileReference; lastKnownFileType = sourcecode.swift; path = FoodyApp.swift; sourceTree = "<group>"; };
		AB1C5CB52878A61C00506250 /* ContentView.swift */ = {isa = PBXFileReference; lastKnownFileType = sourcecode.swift; path = ContentView.swift; sourceTree = "<group>"; };
		AB1C5CB72878A61D00506250 /* Assets.xcassets */ = {isa = PBXFileReference; lastKnownFileType = folder.assetcatalog; path = Assets.xcassets; sourceTree = "<group>"; };
		AB1C5CBA2878A61D00506250 /* Preview Assets.xcassets */ = {isa = PBXFileReference; lastKnownFileType = folder.assetcatalog; path = "Preview Assets.xcassets"; sourceTree = "<group>"; };
		AB2975EE2879C8B50073CF45 /* GetStartedView.swift */ = {isa = PBXFileReference; lastKnownFileType = sourcecode.swift; path = GetStartedView.swift; sourceTree = "<group>"; };
		AB35DB3D287DCC5C0099B1C3 /* HomeView.swift */ = {isa = PBXFileReference; lastKnownFileType = sourcecode.swift; path = HomeView.swift; sourceTree = "<group>"; };
		AB8F098C287EB2AB00078908 /* Poppins-Medium.ttf */ = {isa = PBXFileReference; lastKnownFileType = file; path = "Poppins-Medium.ttf"; sourceTree = "<group>"; };
		ABBA6E39288002CA00229336 /* OrderView.swift */ = {isa = PBXFileReference; lastKnownFileType = sourcecode.swift; path = OrderView.swift; sourceTree = "<group>"; };
		ABDAF6EB287F03BB006252C4 /* GyozaDetailView.swift */ = {isa = PBXFileReference; lastKnownFileType = sourcecode.swift; path = GyozaDetailView.swift; sourceTree = "<group>"; };
/* End PBXFileReference section */

/* Begin PBXFrameworksBuildPhase section */
		AB1C5CAD2878A61C00506250 /* Frameworks */ = {
			isa = PBXFrameworksBuildPhase;
			buildActionMask = 2147483647;
			files = (
			);
			runOnlyForDeploymentPostprocessing = 0;
		};
/* End PBXFrameworksBuildPhase section */

/* Begin PBXGroup section */
		AB0283082879DEE100736E4E /* Fonts */ = {
			isa = PBXGroup;
			children = (
				AB0283022879DE5300736E4E /* Poppins-Bold.ttf */,
				AB8F098C287EB2AB00078908 /* Poppins-Medium.ttf */,
				AB0283032879DE5300736E4E /* Poppins-Regular.ttf */,
				AB0283012879DE5300736E4E /* Poppins-SemiBold.ttf */,
			);
			path = Fonts;
			sourceTree = "<group>";
		};
		AB1C5CA72878A61C00506250 = {
			isa = PBXGroup;
			children = (
				AB1C5CB22878A61C00506250 /* Foody */,
				AB1C5CB12878A61C00506250 /* Products */,
			);
			sourceTree = "<group>";
		};
		AB1C5CB12878A61C00506250 /* Products */ = {
			isa = PBXGroup;
			children = (
				AB1C5CB02878A61C00506250 /* Foody.app */,
			);
			name = Products;
			sourceTree = "<group>";
		};
		AB1C5CB22878A61C00506250 /* Foody */ = {
			isa = PBXGroup;
			children = (
				AB0283072879DE7700736E4E /* Info.plist */,
				AB1C5CB32878A61C00506250 /* FoodyApp.swift */,
				AB1C5CB52878A61C00506250 /* ContentView.swift */,
				ABDAF6EB287F03BB006252C4 /* GyozaDetailView.swift */,
				AB1AD7EE2898CBBC0071166D /* OrangeDetailView.swift */,
				AB1AD7EC2898CB020071166D /* AvocadoDetailView.swift */,
				AB2975EE2879C8B50073CF45 /* GetStartedView.swift */,
				AB35DB3D287DCC5C0099B1C3 /* HomeView.swift */,
				ABBA6E39288002CA00229336 /* OrderView.swift */,
				AB1C5CB72878A61D00506250 /* Assets.xcassets */,
				AB0283082879DEE100736E4E /* Fonts */,
				AB1C5CB92878A61D00506250 /* Preview Content */,
			);
			path = Foody;
			sourceTree = "<group>";
		};
		AB1C5CB92878A61D00506250 /* Preview Content */ = {
			isa = PBXGroup;
			children = (
				AB1C5CBA2878A61D00506250 /* Preview Assets.xcassets */,
			);
			path = "Preview Content";
			sourceTree = "<group>";
		};
/* End PBXGroup section */

/* Begin PBXNativeTarget section */
		AB1C5CAF2878A61C00506250 /* Foody */ = {
			isa = PBXNativeTarget;
			buildConfigurationList = AB1C5CBE2878A61D00506250 /* Build configuration list for PBXNativeTarget "Foody" */;
			buildPhases = (
				AB1C5CAC2878A61C00506250 /* Sources */,
				AB1C5CAD2878A61C00506250 /* Frameworks */,
				AB1C5CAE2878A61C00506250 /* Resources */,
			);
			buildRules = (
			);
			dependencies = (
			);
			name = Foody;
			productName = Foody;
			productReference = AB1C5CB02878A61C00506250 /* Foody.app */;
			productType = "com.apple.product-type.application";
		};
/* End PBXNativeTarget section */

/* Begin PBXProject section */
		AB1C5CA82878A61C00506250 /* Project object */ = {
			isa = PBXProject;
			attributes = {
				BuildIndependentTargetsInParallel = 1;
				LastSwiftUpdateCheck = 1340;
				LastUpgradeCheck = 1340;
				TargetAttributes = {
					AB1C5CAF2878A61C00506250 = {
						CreatedOnToolsVersion = 13.4.1;
					};
				};
			};
			buildConfigurationList = AB1C5CAB2878A61C00506250 /* Build configuration list for PBXProject "Foody" */;
			compatibilityVersion = "Xcode 13.0";
			developmentRegion = en;
			hasScannedForEncodings = 0;
			knownRegions = (
				en,
				Base,
			);
			mainGroup = AB1C5CA72878A61C00506250;
			productRefGroup = AB1C5CB12878A61C00506250 /* Products */;
			projectDirPath = "";
			projectRoot = "";
			targets = (
				AB1C5CAF2878A61C00506250 /* Foody */,
			);
		};
/* End PBXProject section */

/* Begin PBXResourcesBuildPhase section */
		AB1C5CAE2878A61C00506250 /* Resources */ = {
			isa = PBXResourcesBuildPhase;
			buildActionMask = 2147483647;
			files = (
				AB0283042879DE5300736E4E /* Poppins-SemiBold.ttf in Resources */,
				AB1C5CBB2878A61D00506250 /* Preview Assets.xcassets in Resources */,
				AB1C5CB82878A61D00506250 /* Assets.xcassets in Resources */,
				AB8F098D287EB2AB00078908 /* Poppins-Medium.ttf in Resources */,
				AB0283052879DE5300736E4E /* Poppins-Bold.ttf in Resources */,
				AB0283062879DE5300736E4E /* Poppins-Regular.ttf in Resources */,
			);
			runOnlyForDeploymentPostprocessing = 0;
		};
/* End PBXResourcesBuildPhase section */

/* Begin PBXSourcesBuildPhase section */
		AB1C5CAC2878A61C00506250 /* Sources */ = {
			isa = PBXSourcesBuildPhase;
			buildActionMask = 2147483647;
			files = (
				AB1C5CB62878A61C00506250 /* ContentView.swift in Sources */,
				AB35DB3E287DCC5C0099B1C3 /* HomeView.swift in Sources */,
				AB1AD7ED2898CB020071166D /* AvocadoDetailView.swift in Sources */,
				AB1AD7EF2898CBBC0071166D /* OrangeDetailView.swift in Sources */,
				AB2975EF2879C8B50073CF45 /* GetStartedView.swift in Sources */,
				ABBA6E3A288002CA00229336 /* OrderView.swift in Sources */,
				ABDAF6EC287F03BB006252C4 /* GyozaDetailView.swift in Sources */,
				AB1C5CB42878A61C00506250 /* FoodyApp.swift in Sources */,
			);
			runOnlyForDeploymentPostprocessing = 0;
		};
/* End PBXSourcesBuildPhase section */

/* Begin XCBuildConfiguration section */
		AB1C5CBC2878A61D00506250 /* Debug */ = {
			isa = XCBuildConfiguration;
			buildSettings = {
				ALWAYS_SEARCH_USER_PATHS = NO;
				CLANG_ANALYZER_NONNULL = YES;
				CLANG_ANALYZER_NUMBER_OBJECT_CONVERSION = YES_AGGRESSIVE;
				CLANG_CXX_LANGUAGE_STANDARD = "gnu++17";
				CLANG_ENABLE_MODULES = YES;
				CLANG_ENABLE_OBJC_ARC = YES;
				CLANG_ENABLE_OBJC_WEAK = YES;
				CLANG_WARN_BLOCK_CAPTURE_AUTORELEASING = YES;
				CLANG_WARN_BOOL_CONVERSION = YES;
				CLANG_WARN_COMMA = YES;
				CLANG_WARN_CONSTANT_CONVERSION = YES;
				CLANG_WARN_DEPRECATED_OBJC_IMPLEMENTATIONS = YES;
				CLANG_WARN_DIRECT_OBJC_ISA_USAGE = YES_ERROR;
				CLANG_WARN_DOCUMENTATION_COMMENTS = YES;
				CLANG_WARN_EMPTY_BODY = YES;
				CLANG_WARN_ENUM_CONVERSION = YES;
				CLANG_WARN_INFINITE_RECURSION = YES;
				CLANG_WARN_INT_CONVERSION = YES;
				CLANG_WARN_NON_LITERAL_NULL_CONVERSION = YES;
				CLANG_WARN_OBJC_IMPLICIT_RETAIN_SELF = YES;
				CLANG_WARN_OBJC_LITERAL_CONVERSION = YES;
				CLANG_WARN_OBJC_ROOT_CLASS = YES_ERROR;
				CLANG_WARN_QUOTED_INCLUDE_IN_FRAMEWORK_HEADER = YES;
				CLANG_WARN_RANGE_LOOP_ANALYSIS = YES;
				CLANG_WARN_STRICT_PROTOTYPES = YES;
				CLANG_WARN_SUSPICIOUS_MOVE = YES;
				CLANG_WARN_UNGUARDED_AVAILABILITY = YES_AGGRESSIVE;
				CLANG_WARN_UNREACHABLE_CODE = YES;
				CLANG_WARN__DUPLICATE_METHOD_MATCH = YES;
				COPY_PHASE_STRIP = NO;
				DEBUG_INFORMATION_FORMAT = dwarf;
				ENABLE_STRICT_OBJC_MSGSEND = YES;
				ENABLE_TESTABILITY = YES;
				GCC_C_LANGUAGE_STANDARD = gnu11;
				GCC_DYNAMIC_NO_PIC = NO;
				GCC_NO_COMMON_BLOCKS = YES;
				GCC_OPTIMIZATION_LEVEL = 0;
				GCC_PREPROCESSOR_DEFINITIONS = (
					"DEBUG=1",
					"$(inherited)",
				);
				GCC_WARN_64_TO_32_BIT_CONVERSION = YES;
				GCC_WARN_ABOUT_RETURN_TYPE = YES_ERROR;
				GCC_WARN_UNDECLARED_SELECTOR = YES;
				GCC_WARN_UNINITIALIZED_AUTOS = YES_AGGRESSIVE;
				GCC_WARN_UNUSED_FUNCTION = YES;
				GCC_WARN_UNUSED_VARIABLE = YES;
				IPHONEOS_DEPLOYMENT_TARGET = 15.5;
				MTL_ENABLE_DEBUG_INFO = INCLUDE_SOURCE;
				MTL_FAST_MATH = YES;
				ONLY_ACTIVE_ARCH = YES;
				SDKROOT = iphoneos;
				SWIFT_ACTIVE_COMPILATION_CONDITIONS = DEBUG;
				SWIFT_OPTIMIZATION_LEVEL = "-Onone";
			};
			name = Debug;
		};
		AB1C5CBD2878A61D00506250 /* Release */ = {
			isa = XCBuildConfiguration;
			buildSettings = {
				ALWAYS_SEARCH_USER_PATHS = NO;
				CLANG_ANALYZER_NONNULL = YES;
				CLANG_ANALYZER_NUMBER_OBJECT_CONVERSION = YES_AGGRESSIVE;
				CLANG_CXX_LANGUAGE_STANDARD = "gnu++17";
				CLANG_ENABLE_MODULES = YES;
				CLANG_ENABLE_OBJC_ARC = YES;
				CLANG_ENABLE_OBJC_WEAK = YES;
				CLANG_WARN_BLOCK_CAPTURE_AUTORELEASING = YES;
				CLANG_WARN_BOOL_CONVERSION = YES;
				CLANG_WARN_COMMA = YES;
				CLANG_WARN_CONSTANT_CONVERSION = YES;
				CLANG_WARN_DEPRECATED_OBJC_IMPLEMENTATIONS = YES;
				CLANG_WARN_DIRECT_OBJC_ISA_USAGE = YES_ERROR;
				CLANG_WARN_DOCUMENTATION_COMMENTS = YES;
				CLANG_WARN_EMPTY_BODY = YES;
				CLANG_WARN_ENUM_CONVERSION = YES;
				CLANG_WARN_INFINITE_RECURSION = YES;
				CLANG_WARN_INT_CONVERSION = YES;
				CLANG_WARN_NON_LITERAL_NULL_CONVERSION = YES;
				CLANG_WARN_OBJC_IMPLICIT_RETAIN_SELF = YES;
				CLANG_WARN_OBJC_LITERAL_CONVERSION = YES;
				CLANG_WARN_OBJC_ROOT_CLASS = YES_ERROR;
				CLANG_WARN_QUOTED_INCLUDE_IN_FRAMEWORK_HEADER = YES;
				CLANG_WARN_RANGE_LOOP_ANALYSIS = YES;
				CLANG_WARN_STRICT_PROTOTYPES = YES;
				CLANG_WARN_SUSPICIOUS_MOVE = YES;
				CLANG_WARN_UNGUARDED_AVAILABILITY = YES_AGGRESSIVE;
				CLANG_WARN_UNREACHABLE_CODE = YES;
				CLANG_WARN__DUPLICATE_METHOD_MATCH = YES;
				COPY_PHASE_STRIP = NO;
				DEBUG_INFORMATION_FORMAT = "dwarf-with-dsym";
				ENABLE_NS_ASSERTIONS = NO;
				ENABLE_STRICT_OBJC_MSGSEND = YES;
				GCC_C_LANGUAGE_STANDARD = gnu11;
				GCC_NO_COMMON_BLOCKS = YES;
				GCC_WARN_64_TO_32_BIT_CONVERSION = YES;
				GCC_WARN_ABOUT_RETURN_TYPE = YES_ERROR;
				GCC_WARN_UNDECLARED_SELECTOR = YES;
				GCC_WARN_UNINITIALIZED_AUTOS = YES_AGGRESSIVE;
				GCC_WARN_UNUSED_FUNCTION = YES;
				GCC_WARN_UNUSED_VARIABLE = YES;
				IPHONEOS_DEPLOYMENT_TARGET = 15.5;
				MTL_ENABLE_DEBUG_INFO = NO;
				MTL_FAST_MATH = YES;
				SDKROOT = iphoneos;
				SWIFT_COMPILATION_MODE = wholemodule;
				SWIFT_OPTIMIZATION_LEVEL = "-O";
				VALIDATE_PRODUCT = YES;
			};
			name = Release;
		};
		AB1C5CBF2878A61D00506250 /* Debug */ = {
			isa = XCBuildConfiguration;
			buildSettings = {
				ASSETCATALOG_COMPILER_APPICON_NAME = AppIcon;
				ASSETCATALOG_COMPILER_GLOBAL_ACCENT_COLOR_NAME = AccentColor;
				CODE_SIGN_STYLE = Automatic;
				CURRENT_PROJECT_VERSION = 1;
				DEVELOPMENT_ASSET_PATHS = "\"Foody/Preview Content\"";
				DEVELOPMENT_TEAM = BZ9S44ZL2V;
				ENABLE_PREVIEWS = YES;
				GENERATE_INFOPLIST_FILE = YES;
				INFOPLIST_FILE = Foody/Info.plist;
				INFOPLIST_KEY_UIApplicationSceneManifest_Generation = YES;
				INFOPLIST_KEY_UIApplicationSupportsIndirectInputEvents = YES;
				INFOPLIST_KEY_UILaunchScreen_Generation = YES;
				INFOPLIST_KEY_UISupportedInterfaceOrientations_iPad = "UIInterfaceOrientationPortrait UIInterfaceOrientationPortraitUpsideDown UIInterfaceOrientationLandscapeLeft UIInterfaceOrientationLandscapeRight";
				INFOPLIST_KEY_UISupportedInterfaceOrientations_iPhone = "UIInterfaceOrientationPortrait UIInterfaceOrientationLandscapeLeft UIInterfaceOrientationLandscapeRight";
				LD_RUNPATH_SEARCH_PATHS = (
					"$(inherited)",
					"@executable_path/Frameworks",
				);
				MARKETING_VERSION = 1.0;
				PRODUCT_BUNDLE_IDENTIFIER = com.deka.Foody;
				PRODUCT_NAME = "$(TARGET_NAME)";
				SWIFT_EMIT_LOC_STRINGS = YES;
				SWIFT_VERSION = 5.0;
				TARGETED_DEVICE_FAMILY = "1,2";
			};
			name = Debug;
		};
		AB1C5CC02878A61D00506250 /* Release */ = {
			isa = XCBuildConfiguration;
			buildSettings = {
				ASSETCATALOG_COMPILER_APPICON_NAME = AppIcon;
				ASSETCATALOG_COMPILER_GLOBAL_ACCENT_COLOR_NAME = AccentColor;
				CODE_SIGN_STYLE = Automatic;
				CURRENT_PROJECT_VERSION = 1;
				DEVELOPMENT_ASSET_PATHS = "\"Foody/Preview Content\"";
				DEVELOPMENT_TEAM = BZ9S44ZL2V;
				ENABLE_PREVIEWS = YES;
				GENERATE_INFOPLIST_FILE = YES;
				INFOPLIST_FILE = Foody/Info.plist;
				INFOPLIST_KEY_UIApplicationSceneManifest_Generation = YES;
				INFOPLIST_KEY_UIApplicationSupportsIndirectInputEvents = YES;
				INFOPLIST_KEY_UILaunchScreen_Generation = YES;
				INFOPLIST_KEY_UISupportedInterfaceOrientations_iPad = "UIInterfaceOrientationPortrait UIInterfaceOrientationPortraitUpsideDown UIInterfaceOrientationLandscapeLeft UIInterfaceOrientationLandscapeRight";
				INFOPLIST_KEY_UISupportedInterfaceOrientations_iPhone = "UIInterfaceOrientationPortrait UIInterfaceOrientationLandscapeLeft UIInterfaceOrientationLandscapeRight";
				LD_RUNPATH_SEARCH_PATHS = (
					"$(inherited)",
					"@executable_path/Frameworks",
				);
				MARKETING_VERSION = 1.0;
				PRODUCT_BUNDLE_IDENTIFIER = com.deka.Foody;
				PRODUCT_NAME = "$(TARGET_NAME)";
				SWIFT_EMIT_LOC_STRINGS = YES;
				SWIFT_VERSION = 5.0;
				TARGETED_DEVICE_FAMILY = "1,2";
			};
			name = Release;
		};
/* End XCBuildConfiguration section */

/* Begin XCConfigurationList section */
		AB1C5CAB2878A61C00506250 /* Build configuration list for PBXProject "Foody" */ = {
			isa = XCConfigurationList;
			buildConfigurations = (
				AB1C5CBC2878A61D00506250 /* Debug */,
				AB1C5CBD2878A61D00506250 /* Release */,
			);
			defaultConfigurationIsVisible = 0;
			defaultConfigurationName = Release;
		};
		AB1C5CBE2878A61D00506250 /* Build configuration list for PBXNativeTarget "Foody" */ = {
			isa = XCConfigurationList;
			buildConfigurations = (
				AB1C5CBF2878A61D00506250 /* Debug */,
				AB1C5CC02878A61D00506250 /* Release */,
			);
			defaultConfigurationIsVisible = 0;
			defaultConfigurationName = Release;
		};
/* End XCConfigurationList section */
	};
	rootObject = AB1C5CA82878A61C00506250 /* Project object */;
}
